
Microsoft Visual Studio Solution File, Format Version 12.00
# Visual Studio Version 17
VisualStudioVersion = 17.13.35919.96 d17.13
MinimumVisualStudioVersion = 10.0.40219.1
Project("{FAE04EC0-301F-11D3-BF4B-00C04F79EFBC}") = "ELKServiceStatus", "ELKServiceStatus\ELKServiceStatus.csproj", "{0C18EEB6-4A9E-4EE8-83E0-30A4CD52E805}"
EndProject
Global
	GlobalSection(SolutionConfigurationPlatforms) = preSolution
		Debug|Any CPU = Debug|Any CPU
		Release|Any CPU = Release|Any CPU
	EndGlobalSection
	GlobalSection(ProjectConfigurationPlatforms) = postSolution
		{0C18EEB6-4A9E-4EE8-83E0-30A4CD52E805}.Debug|Any CPU.ActiveCfg = Debug|Any CPU
		{0C18EEB6-4A9E-4EE8-83E0-30A4CD52E805}.Debug|Any CPU.Build.0 = Debug|Any CPU
		{0C18EEB6-4A9E-4EE8-83E0-30A4CD52E805}.Release|Any CPU.ActiveCfg = Release|Any CPU
		{0C18EEB6-4A9E-4EE8-83E0-30A4CD52E805}.Release|Any CPU.Build.0 = Release|Any CPU
	EndGlobalSection
	GlobalSection(SolutionProperties) = preSolution
		HideSolutionNode = FALSE
	EndGlobalSection
	GlobalSection(ExtensibilityGlobals) = postSolution
		SolutionGuid = {BA23B162-0F62-4F30-9D6F-F67BAADDE56A}
	EndGlobalSection
EndGlobal
